
Microsoft Visual Studio Solution File, Format Version 12.00
# Visual Studio Version 16
VisualStudioVersion = 25.0.1700.0
MinimumVisualStudioVersion = 10.0.40219.1
Project("{FAE04EC0-301F-11D3-BF4B-00C04F79EFBC}") = "Blueye.Protocol.Protobuf", "Blueye.Protocol.Protobuf.csproj", "{74966170-0CB6-4A38-8AA8-DF27ADE222C9}"
EndProject
Global
	GlobalSection(SolutionConfigurationPlatforms) = preSolution
		Debug|Any CPU = Debug|Any CPU
		Release|Any CPU = Release|Any CPU
	EndGlobalSection
	GlobalSection(ProjectConfigurationPlatforms) = postSolution
		{74966170-0CB6-4A38-8AA8-DF27ADE222C9}.Debug|Any CPU.ActiveCfg = Debug|Any CPU
		{74966170-0CB6-4A38-8AA8-DF27ADE222C9}.Debug|Any CPU.Build.0 = Debug|Any CPU
		{74966170-0CB6-4A38-8AA8-DF27ADE222C9}.Release|Any CPU.ActiveCfg = Release|Any CPU
		{74966170-0CB6-4A38-8AA8-DF27ADE222C9}.Release|Any CPU.Build.0 = Release|Any CPU
	EndGlobalSection
	GlobalSection(SolutionProperties) = preSolution
		HideSolutionNode = FALSE
	EndGlobalSection
	GlobalSection(ExtensibilityGlobals) = postSolution
		SolutionGuid = {225570D1-ACE2-4B27-82F9-7C84520D95F4}
	EndGlobalSection
EndGlobal
