lockfileVersion: '9.0'

settings:
  autoInstallPeers: true
  excludeLinksFromLockfile: false

importers:

  .:
    dependencies:
      '@bufbuild/protobuf':
        specifier: ^2.5.2
        version: 2.8.0
    devDependencies:
      ts-proto:
        specifier: ^2.7.5
        version: 2.7.7
      typescript:
        specifier: ^5.8.3
        version: 5.9.2

packages:

  '@bufbuild/protobuf@2.8.0':
    resolution: {integrity: sha512-r1/0w5C9dkbcdjyxY8ZHsC5AOWg4Pnzhm2zu7LO4UHSounp2tMm6Y+oioV9zlGbLveE7YaWRDUk48WLxRDgoqg==}

  case-anything@2.1.13:
    resolution: {integrity: sha512-zlOQ80VrQ2Ue+ymH5OuM/DlDq64mEm+B9UTdHULv5osUMD6HalNTblf2b1u/m6QecjsnOkBpqVZ+XPwIVsy7Ng==}
    engines: {node: '>=12.13'}

  detect-libc@1.0.3:
    resolution: {integrity: sha512-pGjwhsmsp4kL2RTz08wcOlGN83otlqHeD/Z5T8GXZB+/YcpQ/dgo+lbU8ZsGxV0HIvqqxo9l7mqYwyYMD9bKDg==}
    engines: {node: '>=0.10'}
    hasBin: true

  dprint-node@1.0.8:
    resolution: {integrity: sha512-iVKnUtYfGrYcW1ZAlfR/F59cUVL8QIhWoBJoSjkkdua/dkWIgjZfiLMeTjiB06X0ZLkQ0M2C1VbUj/CxkIf1zg==}

  ts-poet@6.12.0:
    resolution: {integrity: sha512-xo+iRNMWqyvXpFTaOAvLPA5QAWO6TZrSUs5s4Odaya3epqofBu/fMLHEWl8jPmjhA0s9sgj9sNvF1BmaQlmQkA==}

  ts-proto-descriptors@2.0.0:
    resolution: {integrity: sha512-wHcTH3xIv11jxgkX5OyCSFfw27agpInAd6yh89hKG6zqIXnjW9SYqSER2CVQxdPj4czeOhGagNvZBEbJPy7qkw==}

  ts-proto@2.7.7:
    resolution: {integrity: sha512-/OfN9/Yriji2bbpOysZ/Jzc96isOKz+eBTJEcKaIZ0PR6x1TNgVm4Lz0zfbo+J0jwFO7fJjJyssefBPQ0o1V9A==}
    hasBin: true

  typescript@5.9.2:
    resolution: {integrity: sha512-CWBzXQrc/qOkhidw1OzBTQuYRbfyxDXJMVJ1XNwUHGROVmuaeiEm3OslpZ1RV96d7SKKjZKrSJu3+t/xlw3R9A==}
    engines: {node: '>=14.17'}
    hasBin: true

snapshots:

  '@bufbuild/protobuf@2.8.0': {}

  case-anything@2.1.13: {}

  detect-libc@1.0.3: {}

  dprint-node@1.0.8:
    dependencies:
      detect-libc: 1.0.3

  ts-poet@6.12.0:
    dependencies:
      dprint-node: 1.0.8

  ts-proto-descriptors@2.0.0:
    dependencies:
      '@bufbuild/protobuf': 2.8.0

  ts-proto@2.7.7:
    dependencies:
      '@bufbuild/protobuf': 2.8.0
      case-anything: 2.1.13
      ts-poet: 6.12.0
      ts-proto-descriptors: 2.0.0

  typescript@5.9.2: {}
